
Microsoft Visual Studio Solution File, Format Version 12.00
# Visual Studio Version 16
VisualStudioVersion = 16.0.29924.181
MinimumVisualStudioVersion = 10.0.40219.1
Project("{9A19103F-16F7-4668-BE54-9A1E7A4F7556}") = "M2Mqtt", "M2Mqtt\M2Mqtt.csproj", "{CEF7927F-82B9-4262-A134-4C935678C892}"
EndProject
Global
	GlobalSection(SolutionConfigurationPlatforms) = preSolution
		Debug|Any CPU = Debug|Any CPU
		Release|Any CPU = Release|Any CPU
	EndGlobalSection
	GlobalSection(ProjectConfigurationPlatforms) = postSolution
		{CEF7927F-82B9-4262-A134-4C935678C892}.Debug|Any CPU.ActiveCfg = Debug|Any CPU
		{CEF7927F-82B9-4262-A134-4C935678C892}.Debug|Any CPU.Build.0 = Debug|Any CPU
		{CEF7927F-82B9-4262-A134-4C935678C892}.Release|Any CPU.ActiveCfg = Release|Any CPU
		{CEF7927F-82B9-4262-A134-4C935678C892}.Release|Any CPU.Build.0 = Release|Any CPU
	EndGlobalSection
	GlobalSection(SolutionProperties) = preSolution
		HideSolutionNode = FALSE
	EndGlobalSection
	GlobalSection(ExtensibilityGlobals) = postSolution
		SolutionGuid = {A2E9B6E1-69E2-4C72-9B55-FD368A0F6BC4}
	EndGlobalSection
EndGlobal
